Microsoft Visual Studio Solution File, Format Version 12.00
# Visual Studio Version 17
VisualStudioVersion = 17.8.34309.116
MinimumVisualStudioVersion = 10.0.40219.1
Project("{FAE04EC0-301F-11D3-BF4B-00C04F79EFBC}") = "FleetManagement.Domain", "src\FleetManagement.Domain\FleetManagement.Domain.csproj", "{C64A6AA6-309D-4E2C-AA97-19D8A6C6A357}"
EndProject
Project("{FAE04EC0-301F-11D3-BF4B-00C04F79EFBC}") = "FleetManagement.Application", "src\FleetManagement.Application\FleetManagement.Application.csproj", "{8059F1EF-4979-4174-A272-F38951202775}"
EndProject
Project("{FAE04EC0-301F-11D3-BF4B-00C04F79EFBC}") = "FleetManagement.Infrastructure", "src\FleetManagement.Infrastructure\FleetManagement.Infrastructure.csproj", "{5470F385-CE6A-4160-945B-2A9E3DB1EEFD}"
EndProject
Project("{FAE04EC0-301F-11D3-BF4B-00C04F79EFBC}") = "FleetManagement.Api", "src\FleetManagement.Api\FleetManagement.Api.csproj", "{F8F961CD-D4AA-4E46-92BD-B4D983343B53}"
EndProject
Global
	GlobalSection(SolutionConfigurationPlatforms) = preSolution
		Debug|Any CPU = Debug|Any CPU
		Release|Any CPU = Release|Any CPU
	EndGlobalSection
	GlobalSection(ProjectConfigurationPlatforms) = postSolution
		{C64A6AA6-309D-4E2C-AA97-19D8A6C6A357}.Debug|Any CPU.ActiveCfg = Debug|Any CPU
		{C64A6AA6-309D-4E2C-AA97-19D8A6C6A357}.Debug|Any CPU.Build.0 = Debug|Any CPU
		{C64A6AA6-309D-4E2C-AA97-19D8A6C6A357}.Release|Any CPU.ActiveCfg = Release|Any CPU
		{C64A6AA6-309D-4E2C-AA97-19D8A6C6A357}.Release|Any CPU.Build.0 = Release|Any CPU
		{8059F1EF-4979-4174-A272-F38951202775}.Debug|Any CPU.ActiveCfg = Debug|Any CPU
		{8059F1EF-4979-4174-A272-F38951202775}.Debug|Any CPU.Build.0 = Debug|Any CPU
		{8059F1EF-4979-4174-A272-F38951202775}.Release|Any CPU.ActiveCfg = Release|Any CPU
		{8059F1EF-4979-4174-A272-F38951202775}.Release|Any CPU.Build.0 = Release|Any CPU
		{5470F385-CE6A-4160-945B-2A9E3DB1EEFD}.Debug|Any CPU.ActiveCfg = Debug|Any CPU
		{5470F385-CE6A-4160-945B-2A9E3DB1EEFD}.Debug|Any CPU.Build.0 = Debug|Any CPU
		{5470F385-CE6A-4160-945B-2A9E3DB1EEFD}.Release|Any CPU.ActiveCfg = Release|Any CPU
		{5470F385-CE6A-4160-945B-2A9E3DB1EEFD}.Release|Any CPU.Build.0 = Release|Any CPU
		{F8F961CD-D4AA-4E46-92BD-B4D983343B53}.Debug|Any CPU.ActiveCfg = Debug|Any CPU
		{F8F961CD-D4AA-4E46-92BD-B4D983343B53}.Debug|Any CPU.Build.0 = Debug|Any CPU
		{F8F961CD-D4AA-4E46-92BD-B4D983343B53}.Release|Any CPU.ActiveCfg = Release|Any CPU
		{F8F961CD-D4AA-4E46-92BD-B4D983343B53}.Release|Any CPU.Build.0 = Release|Any CPU
	EndGlobalSection
	GlobalSection(SolutionProperties) = preSolution
		HideSolutionNode = FALSE
	EndGlobalSection
EndGlobal
